
Microsoft Visual Studio Solution File, Format Version 12.00
# Visual Studio Version 16
VisualStudioVersion = 16.0.30621.155
MinimumVisualStudioVersion = 10.0.40219.1
Project("{FAE04EC0-301F-11D3-BF4B-00C04F79EFBC}") = "Ogłoszenia Drobne Web App", "Ogłoszenia Drobne Web App\Ogłoszenia Drobne Web App.csproj", "{135446E7-BBFC-4CB1-B277-4A45672DA742}"
EndProject
Global
	GlobalSection(SolutionConfigurationPlatforms) = preSolution
		Debug|Any CPU = Debug|Any CPU
		Release|Any CPU = Release|Any CPU
	EndGlobalSection
	GlobalSection(ProjectConfigurationPlatforms) = postSolution
		{135446E7-BBFC-4CB1-B277-4A45672DA742}.Debug|Any CPU.ActiveCfg = Debug|Any CPU
		{135446E7-BBFC-4CB1-B277-4A45672DA742}.Debug|Any CPU.Build.0 = Debug|Any CPU
		{135446E7-BBFC-4CB1-B277-4A45672DA742}.Release|Any CPU.ActiveCfg = Release|Any CPU
		{135446E7-BBFC-4CB1-B277-4A45672DA742}.Release|Any CPU.Build.0 = Release|Any CPU
	EndGlobalSection
	GlobalSection(SolutionProperties) = preSolution
		HideSolutionNode = FALSE
	EndGlobalSection
	GlobalSection(ExtensibilityGlobals) = postSolution
		SolutionGuid = {26458564-3A5B-4EAB-A202-D0534446A969}
	EndGlobalSection
EndGlobal
